// !$*UTF8*$!
{
	archiveVersion = 1;
	classes = {
	};
	objectVersion = 48;
	objects = {

/* Begin PBXBuildFile section */
		A35208D5756BEFD5E51B63F1 /* Pods_XCTestTemplateTests.framework in Frameworks */ = {isa = PBXBuildFile; fileRef = 04B3E194E96A3FD5E4B80DC7 /* Pods_XCTestTemplateTests.framework */; };
		A78098418D38929B3EB777D3 /* Pods_XCTestTemplate.framework in Frameworks */ = {isa = PBXBuildFile; fileRef = 097988FB7461440A07D7868C /* Pods_XCTestTemplate.framework */; };
		EBB90C631FE3795100FD5E4A /* AppDelegate.swift in Sources */ = {isa = PBXBuildFile; fileRef = EBB90C621FE3795100FD5E4A /* AppDelegate.swift */; };
		EBB90C651FE3795100FD5E4A /* ViewController.swift in Sources */ = {isa = PBXBuildFile; fileRef = EBB90C641FE3795100FD5E4A /* ViewController.swift */; };
		EBB90C681FE3795100FD5E4A /* Main.storyboard in Resources */ = {isa = PBXBuildFile; fileRef = EBB90C661FE3795100FD5E4A /* Main.storyboard */; };
		EBB90C6A1FE3795100FD5E4A /* Assets.xcassets in Resources */ = {isa = PBXBuildFile; fileRef = EBB90C691FE3795100FD5E4A /* Assets.xcassets */; };
		EBB90C6D1FE3795100FD5E4A /* LaunchScreen.storyboard in Resources */ = {isa = PBXBuildFile; fileRef = EBB90C6B1FE3795100FD5E4A /* LaunchScreen.storyboard */; };
		EBB90C781FE3795100FD5E4A /* XCTestTemplateTests.swift in Sources */ = {isa = PBXBuildFile; fileRef = EBB90C771FE3795100FD5E4A /* XCTestTemplateTests.swift */; };
		EBB90C831FE379F700FD5E4A /* Test.swift in Sources */ = {isa = PBXBuildFile; fileRef = EBB90C821FE379F600FD5E4A /* Test.swift */; };
/* End PBXBuildFile section */

/* Begin PBXContainerItemProxy section */
		EBB90C741FE3795100FD5E4A /* PBXContainerItemProxy */ = {
			isa = PBXContainerItemProxy;
			containerPortal = EBB90C571FE3795000FD5E4A /* Project object */;
			proxyType = 1;
			remoteGlobalIDString = EBB90C5E1FE3795000FD5E4A;
			remoteInfo = XCTestTemplate;
		};
/* End PBXContainerItemProxy section */

/* Begin PBXFileReference section */
		04B3E194E96A3FD5E4B80DC7 /* Pods_XCTestTemplateTests.framework */ = {isa = PBXFileReference; explicitFileType = wrapper.framework; includeInIndex = 0; path = Pods_XCTestTemplateTests.framework; sourceTree = BUILT_PRODUCTS_DIR; };
		06B1D3454AA6BC522C635AE3 /* Pods-XCTestTemplateTests.release.xcconfig */ = {isa = PBXFileReference; includeInIndex = 1; lastKnownFileType = text.xcconfig; name = "Pods-XCTestTemplateTests.release.xcconfig"; path = "Pods/Target Support Files/Pods-XCTestTemplateTests/Pods-XCTestTemplateTests.release.xcconfig"; sourceTree = "<group>"; };
		097988FB7461440A07D7868C /* Pods_XCTestTemplate.framework */ = {isa = PBXFileReference; explicitFileType = wrapper.framework; includeInIndex = 0; path = Pods_XCTestTemplate.framework; sourceTree = BUILT_PRODUCTS_DIR; };
		105DD139ED188ADEA17FDAEF /* Pods-XCTestTemplate.debug.xcconfig */ = {isa = PBXFileReference; includeInIndex = 1; lastKnownFileType = text.xcconfig; name = "Pods-XCTestTemplate.debug.xcconfig"; path = "Pods/Target Support Files/Pods-XCTestTemplate/Pods-XCTestTemplate.debug.xcconfig"; sourceTree = "<group>"; };
		789209DF9EB935F5853D056A /* Pods-XCTestTemplateTests.debug.xcconfig */ = {isa = PBXFileReference; includeInIndex = 1; lastKnownFileType = text.xcconfig; name = "Pods-XCTestTemplateTests.debug.xcconfig"; path = "Pods/Target Support Files/Pods-XCTestTemplateTests/Pods-XCTestTemplateTests.debug.xcconfig"; sourceTree = "<group>"; };
		EBB90C5F1FE3795100FD5E4A /* XCTestTemplate.app */ = {isa = PBXFileReference; explicitFileType = wrapper.application; includeInIndex = 0; path = XCTestTemplate.app; sourceTree = BUILT_PRODUCTS_DIR; };
		EBB90C621FE3795100FD5E4A /* AppDelegate.swift */ = {isa = PBXFileReference; lastKnownFileType = sourcecode.swift; path = AppDelegate.swift; sourceTree = "<group>"; };
		EBB90C641FE3795100FD5E4A /* ViewController.swift */ = {isa = PBXFileReference; lastKnownFileType = sourcecode.swift; path = ViewController.swift; sourceTree = "<group>"; };
		EBB90C671FE3795100FD5E4A /* Base */ = {isa = PBXFileReference; lastKnownFileType = file.storyboard; name = Base; path = Base.lproj/Main.storyboard; sourceTree = "<group>"; };
		EBB90C691FE3795100FD5E4A /* Assets.xcassets */ = {isa = PBXFileReference; lastKnownFileType = folder.assetcatalog; path = Assets.xcassets; sourceTree = "<group>"; };
		EBB90C6C1FE3795100FD5E4A /* Base */ = {isa = PBXFileReference; lastKnownFileType = file.storyboard; name = Base; path = Base.lproj/LaunchScreen.storyboard; sourceTree = "<group>"; };
		EBB90C6E1FE3795100FD5E4A /* Info.plist */ = {isa = PBXFileReference; lastKnownFileType = text.plist.xml; path = Info.plist; sourceTree = "<group>"; };
		EBB90C731FE3795100FD5E4A /* XCTestTemplateTests.xctest */ = {isa = PBXFileReference; explicitFileType = wrapper.cfbundle; includeInIndex = 0; path = XCTestTemplateTests.xctest; sourceTree = BUILT_PRODUCTS_DIR; };
		EBB90C771FE3795100FD5E4A /* XCTestTemplateTests.swift */ = {isa = PBXFileReference; lastKnownFileType = sourcecode.swift; path = XCTestTemplateTests.swift; sourceTree = "<group>"; };
		EBB90C791FE3795100FD5E4A /* Info.plist */ = {isa = PBXFileReference; lastKnownFileType = text.plist.xml; path = Info.plist; sourceTree = "<group>"; };
		EBB90C821FE379F600FD5E4A /* Test.swift */ = {isa = PBXFileReference; lastKnownFileType = sourcecode.swift; path = Test.swift; sourceTree = "<group>"; };
		EF2880B6679127214979E5FB /* Pods-XCTestTemplate.release.xcconfig */ = {isa = PBXFileReference; includeInIndex = 1; lastKnownFileType = text.xcconfig; name = "Pods-XCTestTemplate.release.xcconfig"; path = "Pods/Target Support Files/Pods-XCTestTemplate/Pods-XCTestTemplate.release.xcconfig"; sourceTree = "<group>"; };
/* End PBXFileReference section */

/* Begin PBXFrameworksBuildPhase section */
		EBB90C5C1FE3795000FD5E4A /* Frameworks */ = {
			isa = PBXFrameworksBuildPhase;
			buildActionMask = 2147483647;
			files = (
				A78098418D38929B3EB777D3 /* Pods_XCTestTemplate.framework in Frameworks */,
			);
			runOnlyForDeploymentPostprocessing = 0;
		};
		EBB90C701FE3795100FD5E4A /* Frameworks */ = {
			isa = PBXFrameworksBuildPhase;
			buildActionMask = 2147483647;
			files = (
				A35208D5756BEFD5E51B63F1 /* Pods_XCTestTemplateTests.framework in Frameworks */,
			);
			runOnlyForDeploymentPostprocessing = 0;
		};
/* End PBXFrameworksBuildPhase section */

/* Begin PBXGroup section */
		B9B4E9E9938E66F8C0A28AB0 /* Frameworks */ = {
			isa = PBXGroup;
			children = (
				097988FB7461440A07D7868C /* Pods_XCTestTemplate.framework */,
				04B3E194E96A3FD5E4B80DC7 /* Pods_XCTestTemplateTests.framework */,
			);
			name = Frameworks;
			sourceTree = "<group>";
		};
		E88EA841E58E269DCFDE3AF6 /* Pods */ = {
			isa = PBXGroup;
			children = (
				105DD139ED188ADEA17FDAEF /* Pods-XCTestTemplate.debug.xcconfig */,
				EF2880B6679127214979E5FB /* Pods-XCTestTemplate.release.xcconfig */,
				789209DF9EB935F5853D056A /* Pods-XCTestTemplateTests.debug.xcconfig */,
				06B1D3454AA6BC522C635AE3 /* Pods-XCTestTemplateTests.release.xcconfig */,
			);
			name = Pods;
			sourceTree = "<group>";
		};
		EBB90C561FE3795000FD5E4A = {
			isa = PBXGroup;
			children = (
				EBB90C611FE3795100FD5E4A /* XCTestTemplate */,
				EBB90C761FE3795100FD5E4A /* XCTestTemplateTests */,
				EBB90C601FE3795100FD5E4A /* Products */,
				E88EA841E58E269DCFDE3AF6 /* Pods */,
				B9B4E9E9938E66F8C0A28AB0 /* Frameworks */,
			);
			sourceTree = "<group>";
		};
		EBB90C601FE3795100FD5E4A /* Products */ = {
			isa = PBXGroup;
			children = (
				EBB90C5F1FE3795100FD5E4A /* XCTestTemplate.app */,
				EBB90C731FE3795100FD5E4A /* XCTestTemplateTests.xctest */,
			);
			name = Products;
			sourceTree = "<group>";
		};
		EBB90C611FE3795100FD5E4A /* XCTestTemplate */ = {
			isa = PBXGroup;
			children = (
				EBB90C621FE3795100FD5E4A /* AppDelegate.swift */,
				EBB90C641FE3795100FD5E4A /* ViewController.swift */,
				EBB90C661FE3795100FD5E4A /* Main.storyboard */,
				EBB90C691FE3795100FD5E4A /* Assets.xcassets */,
				EBB90C6B1FE3795100FD5E4A /* LaunchScreen.storyboard */,
				EBB90C6E1FE3795100FD5E4A /* Info.plist */,
				EBB90C821FE379F600FD5E4A /* Test.swift */,
			);
			path = XCTestTemplate;
			sourceTree = "<group>";
		};
		EBB90C761FE3795100FD5E4A /* XCTestTemplateTests */ = {
			isa = PBXGroup;
			children = (
				EBB90C771FE3795100FD5E4A /* XCTestTemplateTests.swift */,
				EBB90C791FE3795100FD5E4A /* Info.plist */,
			);
			path = XCTestTemplateTests;
			sourceTree = "<group>";
		};
/* End PBXGroup section */

/* Begin PBXNativeTarget section */
		EBB90C5E1FE3795000FD5E4A /* XCTestTemplate */ = {
			isa = PBXNativeTarget;
			buildConfigurationList = EBB90C7C1FE3795100FD5E4A /* Build configuration list for PBXNativeTarget "XCTestTemplate" */;
			buildPhases = (
				A12F8D7BE32629A57C0ACE2D /* [CP] Check Pods Manifest.lock */,
				EBB90C5B1FE3795000FD5E4A /* Sources */,
				EBB90C5C1FE3795000FD5E4A /* Frameworks */,
				EBB90C5D1FE3795000FD5E4A /* Resources */,
				0F8933B75EAAAF5E5CF8527E /* [CP] Embed Pods Frameworks */,
				C2EF9F21923B4E2C45FF24C1 /* [CP] Copy Pods Resources */,
			);
			buildRules = (
			);
			dependencies = (
			);
			name = XCTestTemplate;
			productName = XCTestTemplate;
			productReference = EBB90C5F1FE3795100FD5E4A /* XCTestTemplate.app */;
			productType = "com.apple.product-type.application";
		};
		EBB90C721FE3795100FD5E4A /* XCTestTemplateTests */ = {
			isa = PBXNativeTarget;
			buildConfigurationList = EBB90C7F1FE3795100FD5E4A /* Build configuration list for PBXNativeTarget "XCTestTemplateTests" */;
			buildPhases = (
				081149CE1571F59163AB6166 /* [CP] Check Pods Manifest.lock */,
				EBB90C6F1FE3795100FD5E4A /* Sources */,
				EBB90C701FE3795100FD5E4A /* Frameworks */,
				EBB90C711FE3795100FD5E4A /* Resources */,
				4D65CD147630203AC79BF9AC /* [CP] Embed Pods Frameworks */,
				57CB0EDE7046D0D3EEF4A643 /* [CP] Copy Pods Resources */,
			);
			buildRules = (
			);
			dependencies = (
				EBB90C751FE3795100FD5E4A /* PBXTargetDependency */,
			);
			name = XCTestTemplateTests;
			productName = XCTestTemplateTests;
			productReference = EBB90C731FE3795100FD5E4A /* XCTestTemplateTests.xctest */;
			productType = "com.apple.product-type.bundle.unit-test";
		};
/* End PBXNativeTarget section */

/* Begin PBXProject section */
		EBB90C571FE3795000FD5E4A /* Project object */ = {
			isa = PBXProject;
			attributes = {
				LastSwiftUpdateCheck = 0910;
				LastUpgradeCheck = 0910;
				ORGANIZATIONNAME = "kickinbahk Productions";
				TargetAttributes = {
					EBB90C5E1FE3795000FD5E4A = {
						CreatedOnToolsVersion = 9.1;
						ProvisioningStyle = Automatic;
					};
					EBB90C721FE3795100FD5E4A = {
						CreatedOnToolsVersion = 9.1;
						ProvisioningStyle = Automatic;
						TestTargetID = EBB90C5E1FE3795000FD5E4A;
					};
				};
			};
			buildConfigurationList = EBB90C5A1FE3795000FD5E4A /* Build configuration list for PBXProject "XCTestTemplate" */;
			compatibilityVersion = "Xcode 8.0";
			developmentRegion = en;
			hasScannedForEncodings = 0;
			knownRegions = (
				en,
				Base,
			);
			mainGroup = EBB90C561FE3795000FD5E4A;
			productRefGroup = EBB90C601FE3795100FD5E4A /* Products */;
			projectDirPath = "";
			projectRoot = "";
			targets = (
				EBB90C5E1FE3795000FD5E4A /* XCTestTemplate */,
				EBB90C721FE3795100FD5E4A /* XCTestTemplateTests */,
			);
		};
/* End PBXProject section */

/* Begin PBXResourcesBuildPhase section */
		EBB90C5D1FE3795000FD5E4A /* Resources */ = {
			isa = PBXResourcesBuildPhase;
			buildActionMask = 2147483647;
			files = (
				EBB90C6D1FE3795100FD5E4A /* LaunchScreen.storyboard in Resources */,
				EBB90C6A1FE3795100FD5E4A /* Assets.xcassets in Resources */,
				EBB90C681FE3795100FD5E4A /* Main.storyboard in Resources */,
			);
			runOnlyForDeploymentPostprocessing = 0;
		};
		EBB90C711FE3795100FD5E4A /* Resources */ = {
			isa = PBXResourcesBuildPhase;
			buildActionMask = 2147483647;
			files = (
			);
			runOnlyForDeploymentPostprocessing = 0;
		};
/* End PBXResourcesBuildPhase section */

/* Begin PBXShellScriptBuildPhase section */
		081149CE1571F59163AB6166 /* [CP] Check Pods Manifest.lock */ = {
			isa = PBXShellScriptBuildPhase;
			buildActionMask = 2147483647;
			files = (
			);
			inputPaths = (
				"${PODS_PODFILE_DIR_PATH}/Podfile.lock",
				"${PODS_ROOT}/Manifest.lock",
			);
			name = "[CP] Check Pods Manifest.lock";
			outputPaths = (
				"$(DERIVED_FILE_DIR)/Pods-XCTestTemplateTests-checkManifestLockResult.txt",
			);
			runOnlyForDeploymentPostprocessing = 0;
			shellPath = /bin/sh;
			shellScript = "diff \"${PODS_PODFILE_DIR_PATH}/Podfile.lock\" \"${PODS_ROOT}/Manifest.lock\" > /dev/null\nif [ $? != 0 ] ; then\n    # print error to STDERR\n    echo \"error: The sandbox is not in sync with the Podfile.lock. Run 'pod install' or update your CocoaPods installation.\" >&2\n    exit 1\nfi\n# This output is used by Xcode 'outputs' to avoid re-running this script phase.\necho \"SUCCESS\" > \"${SCRIPT_OUTPUT_FILE_0}\"\n";
			showEnvVarsInLog = 0;
		};
		0F8933B75EAAAF5E5CF8527E /* [CP] Embed Pods Frameworks */ = {
			isa = PBXShellScriptBuildPhase;
			buildActionMask = 2147483647;
			files = (
			);
			inputPaths = (
			);
			name = "[CP] Embed Pods Frameworks";
			outputPaths = (
			);
			runOnlyForDeploymentPostprocessing = 0;
			shellPath = /bin/sh;
			shellScript = "\"${SRCROOT}/Pods/Target Support Files/Pods-XCTestTemplate/Pods-XCTestTemplate-frameworks.sh\"\n";
			showEnvVarsInLog = 0;
		};
		4D65CD147630203AC79BF9AC /* [CP] Embed Pods Frameworks */ = {
			isa = PBXShellScriptBuildPhase;
			buildActionMask = 2147483647;
			files = (
			);
			inputPaths = (
			);
			name = "[CP] Embed Pods Frameworks";
			outputPaths = (
			);
			runOnlyForDeploymentPostprocessing = 0;
			shellPath = /bin/sh;
			shellScript = "\"${SRCROOT}/Pods/Target Support Files/Pods-XCTestTemplateTests/Pods-XCTestTemplateTests-frameworks.sh\"\n";
			showEnvVarsInLog = 0;
		};
		57CB0EDE7046D0D3EEF4A643 /* [CP] Copy Pods Resources */ = {
			isa = PBXShellScriptBuildPhase;
			buildActionMask = 2147483647;
			files = (
			);
			inputPaths = (
			);
			name = "[CP] Copy Pods Resources";
			outputPaths = (
			);
			runOnlyForDeploymentPostprocessing = 0;
			shellPath = /bin/sh;
			shellScript = "\"${SRCROOT}/Pods/Target Support Files/Pods-XCTestTemplateTests/Pods-XCTestTemplateTests-resources.sh\"\n";
			showEnvVarsInLog = 0;
		};
		A12F8D7BE32629A57C0ACE2D /* [CP] Check Pods Manifest.lock */ = {
			isa = PBXShellScriptBuildPhase;
			buildActionMask = 2147483647;
			files = (
			);
			inputPaths = (
				"${PODS_PODFILE_DIR_PATH}/Podfile.lock",
				"${PODS_ROOT}/Manifest.lock",
			);
			name = "[CP] Check Pods Manifest.lock";
			outputPaths = (
				"$(DERIVED_FILE_DIR)/Pods-XCTestTemplate-checkManifestLockResult.txt",
			);
			runOnlyForDeploymentPostprocessing = 0;
			shellPath = /bin/sh;
			shellScript = "diff \"${PODS_PODFILE_DIR_PATH}/Podfile.lock\" \"${PODS_ROOT}/Manifest.lock\" > /dev/null\nif [ $? != 0 ] ; then\n    # print error to STDERR\n    echo \"error: The sandbox is not in sync with the Podfile.lock. Run 'pod install' or update your CocoaPods installation.\" >&2\n    exit 1\nfi\n# This output is used by Xcode 'outputs' to avoid re-running this script phase.\necho \"SUCCESS\" > \"${SCRIPT_OUTPUT_FILE_0}\"\n";
			showEnvVarsInLog = 0;
		};
		C2EF9F21923B4E2C45FF24C1 /* [CP] Copy Pods Resources */ = {
			isa = PBXShellScriptBuildPhase;
			buildActionMask = 2147483647;
			files = (
			);
			inputPaths = (
			);
			name = "[CP] Copy Pods Resources";
			outputPaths = (
			);
			runOnlyForDeploymentPostprocessing = 0;
			shellPath = /bin/sh;
			shellScript = "\"${SRCROOT}/Pods/Target Support Files/Pods-XCTestTemplate/Pods-XCTestTemplate-resources.sh\"\n";
			showEnvVarsInLog = 0;
		};
/* End PBXShellScriptBuildPhase section */

/* Begin PBXSourcesBuildPhase section */
		EBB90C5B1FE3795000FD5E4A /* Sources */ = {
			isa = PBXSourcesBuildPhase;
			buildActionMask = 2147483647;
			files = (
				EBB90C651FE3795100FD5E4A /* ViewController.swift in Sources */,
				EBB90C631FE3795100FD5E4A /* AppDelegate.swift in Sources */,
				EBB90C831FE379F700FD5E4A /* Test.swift in Sources */,
			);
			runOnlyForDeploymentPostprocessing = 0;
		};
		EBB90C6F1FE3795100FD5E4A /* Sources */ = {
			isa = PBXSourcesBuildPhase;
			buildActionMask = 2147483647;
			files = (
				EBB90C781FE3795100FD5E4A /* XCTestTemplateTests.swift in Sources */,
			);
			runOnlyForDeploymentPostprocessing = 0;
		};
/* End PBXSourcesBuildPhase section */

/* Begin PBXTargetDependency section */
		EBB90C751FE3795100FD5E4A /* PBXTargetDependency */ = {
			isa = PBXTargetDependency;
			target = EBB90C5E1FE3795000FD5E4A /* XCTestTemplate */;
			targetProxy = EBB90C741FE3795100FD5E4A /* PBXContainerItemProxy */;
		};
/* End PBXTargetDependency section */

/* Begin PBXVariantGroup section */
		EBB90C661FE3795100FD5E4A /* Main.storyboard */ = {
			isa = PBXVariantGroup;
			children = (
				EBB90C671FE3795100FD5E4A /* Base */,
			);
			name = Main.storyboard;
			sourceTree = "<group>";
		};
		EBB90C6B1FE3795100FD5E4A /* LaunchScreen.storyboard */ = {
			isa = PBXVariantGroup;
			children = (
				EBB90C6C1FE3795100FD5E4A /* Base */,
			);
			name = LaunchScreen.storyboard;
			sourceTree = "<group>";
		};
/* End PBXVariantGroup section */

/* Begin XCBuildConfiguration section */
		EBB90C7A1FE3795100FD5E4A /* Debug */ = {
			isa = XCBuildConfiguration;
			buildSettings = {
				ALWAYS_SEARCH_USER_PATHS = NO;
				CLANG_ANALYZER_NONNULL = YES;
				CLANG_ANALYZER_NUMBER_OBJECT_CONVERSION = YES_AGGRESSIVE;
				CLANG_CXX_LANGUAGE_STANDARD = "gnu++14";
				CLANG_CXX_LIBRARY = "libc++";
				CLANG_ENABLE_MODULES = YES;
				CLANG_ENABLE_OBJC_ARC = YES;
				CLANG_WARN_BLOCK_CAPTURE_AUTORELEASING = YES;
				CLANG_WARN_BOOL_CONVERSION = YES;
				CLANG_WARN_COMMA = YES;
				CLANG_WARN_CONSTANT_CONVERSION = YES;
				CLANG_WARN_DIRECT_OBJC_ISA_USAGE = YES_ERROR;
				CLANG_WARN_DOCUMENTATION_COMMENTS = YES;
				CLANG_WARN_EMPTY_BODY = YES;
				CLANG_WARN_ENUM_CONVERSION = YES;
				CLANG_WARN_INFINITE_RECURSION = YES;
				CLANG_WARN_INT_CONVERSION = YES;
				CLANG_WARN_NON_LITERAL_NULL_CONVERSION = YES;
				CLANG_WARN_OBJC_LITERAL_CONVERSION = YES;
				CLANG_WARN_OBJC_ROOT_CLASS = YES_ERROR;
				CLANG_WARN_RANGE_LOOP_ANALYSIS = YES;
				CLANG_WARN_STRICT_PROTOTYPES = YES;
				CLANG_WARN_SUSPICIOUS_MOVE = YES;
				CLANG_WARN_UNGUARDED_AVAILABILITY = YES_AGGRESSIVE;
				CLANG_WARN_UNREACHABLE_CODE = YES;
				CLANG_WARN__DUPLICATE_METHOD_MATCH = YES;
				CODE_SIGN_IDENTITY = "iPhone Developer";
				COPY_PHASE_STRIP = NO;
				DEBUG_INFORMATION_FORMAT = dwarf;
				ENABLE_STRICT_OBJC_MSGSEND = YES;
				ENABLE_TESTABILITY = YES;
				GCC_C_LANGUAGE_STANDARD = gnu11;
				GCC_DYNAMIC_NO_PIC = NO;
				GCC_NO_COMMON_BLOCKS = YES;
				GCC_OPTIMIZATION_LEVEL = 0;
				GCC_PREPROCESSOR_DEFINITIONS = (
					"DEBUG=1",
					"$(inherited)",
				);
				GCC_WARN_64_TO_32_BIT_CONVERSION = YES;
				GCC_WARN_ABOUT_RETURN_TYPE = YES_ERROR;
				GCC_WARN_UNDECLARED_SELECTOR = YES;
				GCC_WARN_UNINITIALIZED_AUTOS = YES_AGGRESSIVE;
				GCC_WARN_UNUSED_FUNCTION = YES;
				GCC_WARN_UNUSED_VARIABLE = YES;
				IPHONEOS_DEPLOYMENT_TARGET = 11.1;
				MTL_ENABLE_DEBUG_INFO = YES;
				ONLY_ACTIVE_ARCH = YES;
				SDKROOT = iphoneos;
				SWIFT_ACTIVE_COMPILATION_CONDITIONS = DEBUG;
				SWIFT_OPTIMIZATION_LEVEL = "-Onone";
			};
			name = Debug;
		};
		EBB90C7B1FE3795100FD5E4A /* Release */ = {
			isa = XCBuildConfiguration;
			buildSettings = {
				ALWAYS_SEARCH_USER_PATHS = NO;
				CLANG_ANALYZER_NONNULL = YES;
				CLANG_ANALYZER_NUMBER_OBJECT_CONVERSION = YES_AGGRESSIVE;
				CLANG_CXX_LANGUAGE_STANDARD = "gnu++14";
				CLANG_CXX_LIBRARY = "libc++";
				CLANG_ENABLE_MODULES = YES;
				CLANG_ENABLE_OBJC_ARC = YES;
				CLANG_WARN_BLOCK_CAPTURE_AUTORELEASING = YES;
				CLANG_WARN_BOOL_CONVERSION = YES;
				CLANG_WARN_COMMA = YES;
				CLANG_WARN_CONSTANT_CONVERSION = YES;
				CLANG_WARN_DIRECT_OBJC_ISA_USAGE = YES_ERROR;
				CLANG_WARN_DOCUMENTATION_COMMENTS = YES;
				CLANG_WARN_EMPTY_BODY = YES;
				CLANG_WARN_ENUM_CONVERSION = YES;
				CLANG_WARN_INFINITE_RECURSION = YES;
				CLANG_WARN_INT_CONVERSION = YES;
				CLANG_WARN_NON_LITERAL_NULL_CONVERSION = YES;
				CLANG_WARN_OBJC_LITERAL_CONVERSION = YES;
				CLANG_WARN_OBJC_ROOT_CLASS = YES_ERROR;
				CLANG_WARN_RANGE_LOOP_ANALYSIS = YES;
				CLANG_WARN_STRICT_PROTOTYPES = YES;
				CLANG_WARN_SUSPICIOUS_MOVE = YES;
				CLANG_WARN_UNGUARDED_AVAILABILITY = YES_AGGRESSIVE;
				CLANG_WARN_UNREACHABLE_CODE = YES;
				CLANG_WARN__DUPLICATE_METHOD_MATCH = YES;
				CODE_SIGN_IDENTITY = "iPhone Developer";
				COPY_PHASE_STRIP = NO;
				DEBUG_INFORMATION_FORMAT = "dwarf-with-dsym";
				ENABLE_NS_ASSERTIONS = NO;
				ENABLE_STRICT_OBJC_MSGSEND = YES;
				GCC_C_LANGUAGE_STANDARD = gnu11;
				GCC_NO_COMMON_BLOCKS = YES;
				GCC_WARN_64_TO_32_BIT_CONVERSION = YES;
				GCC_WARN_ABOUT_RETURN_TYPE = YES_ERROR;
				GCC_WARN_UNDECLARED_SELECTOR = YES;
				GCC_WARN_UNINITIALIZED_AUTOS = YES_AGGRESSIVE;
				GCC_WARN_UNUSED_FUNCTION = YES;
				GCC_WARN_UNUSED_VARIABLE = YES;
				IPHONEOS_DEPLOYMENT_TARGET = 11.1;
				MTL_ENABLE_DEBUG_INFO = NO;
				SDKROOT = iphoneos;
				SWIFT_OPTIMIZATION_LEVEL = "-Owholemodule";
				VALIDATE_PRODUCT = YES;
			};
			name = Release;
		};
		EBB90C7D1FE3795100FD5E4A /* Debug */ = {
			isa = XCBuildConfiguration;
			baseConfigurationReference = 105DD139ED188ADEA17FDAEF /* Pods-XCTestTemplate.debug.xcconfig */;
			buildSettings = {
				ASSETCATALOG_COMPILER_APPICON_NAME = AppIcon;
				CODE_SIGN_STYLE = Automatic;
				DEVELOPMENT_TEAM = 6VCPF4YUJN;
				INFOPLIST_FILE = XCTestTemplate/Info.plist;
				LD_RUNPATH_SEARCH_PATHS = "$(inherited) @executable_path/Frameworks";
				PRODUCT_BUNDLE_IDENTIFIER = com.kickinbahkproductions.XCTestTemplate;
				PRODUCT_NAME = "$(TARGET_NAME)";
				SWIFT_VERSION = 4.0;
				TARGETED_DEVICE_FAMILY = "1,2";
			};
			name = Debug;
		};
		EBB90C7E1FE3795100FD5E4A /* Release */ = {
			isa = XCBuildConfiguration;
			baseConfigurationReference = EF2880B6679127214979E5FB /* Pods-XCTestTemplate.release.xcconfig */;
			buildSettings = {
				ASSETCATALOG_COMPILER_APPICON_NAME = AppIcon;
				CODE_SIGN_STYLE = Automatic;
				DEVELOPMENT_TEAM = 6VCPF4YUJN;
				INFOPLIST_FILE = XCTestTemplate/Info.plist;
				LD_RUNPATH_SEARCH_PATHS = "$(inherited) @executable_path/Frameworks";
				PRODUCT_BUNDLE_IDENTIFIER = com.kickinbahkproductions.XCTestTemplate;
				PRODUCT_NAME = "$(TARGET_NAME)";
				SWIFT_VERSION = 4.0;
				TARGETED_DEVICE_FAMILY = "1,2";
			};
			name = Release;
		};
		EBB90C801FE3795100FD5E4A /* Debug */ = {
			isa = XCBuildConfiguration;
			baseConfigurationReference = 789209DF9EB935F5853D056A /* Pods-XCTestTemplateTests.debug.xcconfig */;
			buildSettings = {
				ALWAYS_EMBED_SWIFT_STANDARD_LIBRARIES = YES;
				BUNDLE_LOADER = "$(TEST_HOST)";
				CODE_SIGN_STYLE = Automatic;
				DEVELOPMENT_TEAM = 6VCPF4YUJN;
				INFOPLIST_FILE = XCTestTemplateTests/Info.plist;
				LD_RUNPATH_SEARCH_PATHS = "$(inherited) @executable_path/Frameworks @loader_path/Frameworks";
				PRODUCT_BUNDLE_IDENTIFIER = com.kickinbahkproductions.XCTestTemplateTests;
				PRODUCT_NAME = "$(TARGET_NAME)";
				SWIFT_VERSION = 4.0;
				TARGETED_DEVICE_FAMILY = "1,2";
				TEST_HOST = "$(BUILT_PRODUCTS_DIR)/XCTestTemplate.app/XCTestTemplate";
			};
			name = Debug;
		};
		EBB90C811FE3795100FD5E4A /* Release */ = {
			isa = XCBuildConfiguration;
			baseConfigurationReference = 06B1D3454AA6BC522C635AE3 /* Pods-XCTestTemplateTests.release.xcconfig */;
			buildSettings = {
				ALWAYS_EMBED_SWIFT_STANDARD_LIBRARIES = YES;
				BUNDLE_LOADER = "$(TEST_HOST)";
				CODE_SIGN_STYLE = Automatic;
				DEVELOPMENT_TEAM = 6VCPF4YUJN;
				INFOPLIST_FILE = XCTestTemplateTests/Info.plist;
				LD_RUNPATH_SEARCH_PATHS = "$(inherited) @executable_path/Frameworks @loader_path/Frameworks";
				PRODUCT_BUNDLE_IDENTIFIER = com.kickinbahkproductions.XCTestTemplateTests;
				PRODUCT_NAME = "$(TARGET_NAME)";
				SWIFT_VERSION = 4.0;
				TARGETED_DEVICE_FAMILY = "1,2";
				TEST_HOST = "$(BUILT_PRODUCTS_DIR)/XCTestTemplate.app/XCTestTemplate";
			};
			name = Release;
		};
/* End XCBuildConfiguration section */

/* Begin XCConfigurationList section */
		EBB90C5A1FE3795000FD5E4A /* Build configuration list for PBXProject "XCTestTemplate" */ = {
			isa = XCConfigurationList;
			buildConfigurations = (
				EBB90C7A1FE3795100FD5E4A /* Debug */,
				EBB90C7B1FE3795100FD5E4A /* Release */,
			);
			defaultConfigurationIsVisible = 0;
			defaultConfigurationName = Release;
		};
		EBB90C7C1FE3795100FD5E4A /* Build configuration list for PBXNativeTarget "XCTestTemplate" */ = {
			isa = XCConfigurationList;
			buildConfigurations = (
				EBB90C7D1FE3795100FD5E4A /* Debug */,
				EBB90C7E1FE3795100FD5E4A /* Release */,
			);
			defaultConfigurationIsVisible = 0;
			defaultConfigurationName = Release;
		};
		EBB90C7F1FE3795100FD5E4A /* Build configuration list for PBXNativeTarget "XCTestTemplateTests" */ = {
			isa = XCConfigurationList;
			buildConfigurations = (
				EBB90C801FE3795100FD5E4A /* Debug */,
				EBB90C811FE3795100FD5E4A /* Release */,
			);
			defaultConfigurationIsVisible = 0;
			defaultConfigurationName = Release;
		};
/* End XCConfigurationList section */
	};
	rootObject = EBB90C571FE3795000FD5E4A /* Project object */;
}
